
Microsoft Visual Studio Solution File, Format Version 12.00
# Visual Studio Version 17
VisualStudioVersion = 17.3.32811.315
MinimumVisualStudioVersion = 10.0.40219.1
Project("{FAE04EC0-301F-11D3-BF4B-00C04F79EFBC}") = "ShopSystem", "ShopSystem.csproj", "{890DEAF5-D0DC-4C80-A996-7502B05C0C33}"
EndProject
Global
	GlobalSection(SolutionConfigurationPlatforms) = preSolution
		Debug|Any CPU = Debug|Any CPU
		Release|Any CPU = Release|Any CPU
	EndGlobalSection
	GlobalSection(ProjectConfigurationPlatforms) = postSolution
		{890DEAF5-D0DC-4C80-A996-7502B05C0C33}.Debug|Any CPU.ActiveCfg = Debug|Any CPU
		{890DEAF5-D0DC-4C80-A996-7502B05C0C33}.Debug|Any CPU.Build.0 = Debug|Any CPU
		{890DEAF5-D0DC-4C80-A996-7502B05C0C33}.Release|Any CPU.ActiveCfg = Release|Any CPU
		{890DEAF5-D0DC-4C80-A996-7502B05C0C33}.Release|Any CPU.Build.0 = Release|Any CPU
	EndGlobalSection
	GlobalSection(SolutionProperties) = preSolution
		HideSolutionNode = FALSE
	EndGlobalSection
	GlobalSection(ExtensibilityGlobals) = postSolution
		SolutionGuid = {99F1CF79-0E45-47D2-8B34-989F039E2089}
	EndGlobalSection
EndGlobal
